
Microsoft Visual Studio Solution File, Format Version 12.00
# Visual Studio Version 17
VisualStudioVersion = 17.9.34723.18
MinimumVisualStudioVersion = 10.0.40219.1
Project("{8BC9CEB8-8B4A-11D0-8D11-00A0C91BC942}") = "OpenGL_test", "OpenGL_test\OpenGL_test.vcxproj", "{618A81FF-269E-4AAA-81E9-97F70D849EAD}"
EndProject
Global
	GlobalSection(SolutionConfigurationPlatforms) = preSolution
		Debug|x64 = Debug|x64
		Debug|x86 = Debug|x86
		Release|x64 = Release|x64
		Release|x86 = Release|x86
	EndGlobalSection
	GlobalSection(ProjectConfigurationPlatforms) = postSolution
		{618A81FF-269E-4AAA-81E9-97F70D849EAD}.Debug|x64.ActiveCfg = Debug|x64
		{618A81FF-269E-4AAA-81E9-97F70D849EAD}.Debug|x64.Build.0 = Debug|x64
		{618A81FF-269E-4AAA-81E9-97F70D849EAD}.Debug|x86.ActiveCfg = Debug|Win32
		{618A81FF-269E-4AAA-81E9-97F70D849EAD}.Debug|x86.Build.0 = Debug|Win32
		{618A81FF-269E-4AAA-81E9-97F70D849EAD}.Release|x64.ActiveCfg = Release|x64
		{618A81FF-269E-4AAA-81E9-97F70D849EAD}.Release|x64.Build.0 = Release|x64
		{618A81FF-269E-4AAA-81E9-97F70D849EAD}.Release|x86.ActiveCfg = Release|Win32
		{618A81FF-269E-4AAA-81E9-97F70D849EAD}.Release|x86.Build.0 = Release|Win32
	EndGlobalSection
	GlobalSection(SolutionProperties) = preSolution
		HideSolutionNode = FALSE
	EndGlobalSection
	GlobalSection(ExtensibilityGlobals) = postSolution
		SolutionGuid = {F4DAD728-DC80-47B0-95D6-257356B87941}
	EndGlobalSection
EndGlobal
